
Microsoft Visual Studio Solution File, Format Version 11.00
# Visual Studio 2010
Project("{FAE04EC0-301F-11D3-BF4B-00C04F79EFBC}") = "Person", "Person\Person.csproj", "{BBC0131C-B858-4F4C-877F-67620C04A640}"
EndProject
Global
	GlobalSection(SolutionConfigurationPlatforms) = preSolution
		Debug|Any CPU = Debug|Any CPU
		Release|Any CPU = Release|Any CPU
	EndGlobalSection
	GlobalSection(ProjectConfigurationPlatforms) = postSolution
		{BBC0131C-B858-4F4C-877F-67620C04A640}.Debug|Any CPU.ActiveCfg = Debug|Any CPU
		{BBC0131C-B858-4F4C-877F-67620C04A640}.Debug|Any CPU.Build.0 = Debug|Any CPU
		{BBC0131C-B858-4F4C-877F-67620C04A640}.Release|Any CPU.ActiveCfg = Release|Any CPU
		{BBC0131C-B858-4F4C-877F-67620C04A640}.Release|Any CPU.Build.0 = Release|Any CPU
	EndGlobalSection
	GlobalSection(SolutionProperties) = preSolution
		HideSolutionNode = FALSE
	EndGlobalSection
EndGlobal
